// !$*UTF8*$!
{
	archiveVersion = 1;
	classes = {
	};
	objectVersion = 46;
	objects = {

/* Begin PBXBuildFile section */
		AE05BC041B130CCF00CF40AE /* main.m in Sources */ = {isa = PBXBuildFile; fileRef = AE05BC031B130CCF00CF40AE /* main.m */; };
		AE05BC071B130CCF00CF40AE /* AppDelegate.m in Sources */ = {isa = PBXBuildFile; fileRef = AE05BC061B130CCF00CF40AE /* AppDelegate.m */; };
		AE05BC0A1B130CCF00CF40AE /* ViewController.m in Sources */ = {isa = PBXBuildFile; fileRef = AE05BC091B130CCF00CF40AE /* ViewController.m */; };
		AE05BC0F1B130CCF00CF40AE /* Images.xcassets in Resources */ = {isa = PBXBuildFile; fileRef = AE05BC0E1B130CCF00CF40AE /* Images.xcassets */; };
		AE05BC121B130CCF00CF40AE /* LaunchScreen.xib in Resources */ = {isa = PBXBuildFile; fileRef = AE05BC101B130CCF00CF40AE /* LaunchScreen.xib */; };
		AE05BC1E1B130CD000CF40AE /* TableViewLessonsTests.m in Sources */ = {isa = PBXBuildFile; fileRef = AE05BC1D1B130CD000CF40AE /* TableViewLessonsTests.m */; };
		AE05BC281B13C6D000CF40AE /* TableView.storyboard in Resources */ = {isa = PBXBuildFile; fileRef = AE05BC271B13C6D000CF40AE /* TableView.storyboard */; };
/* End PBXBuildFile section */

/* Begin PBXContainerItemProxy section */
		AE05BC181B130CD000CF40AE /* PBXContainerItemProxy */ = {
			isa = PBXContainerItemProxy;
			containerPortal = AE05BBF61B130CCF00CF40AE /* Project object */;
			proxyType = 1;
			remoteGlobalIDString = AE05BBFD1B130CCF00CF40AE;
			remoteInfo = TableViewLessons;
		};
/* End PBXContainerItemProxy section */

/* Begin PBXFileReference section */
		AE05BBFE1B130CCF00CF40AE /* TableViewLessons.app */ = {isa = PBXFileReference; explicitFileType = wrapper.application; includeInIndex = 0; path = TableViewLessons.app; sourceTree = BUILT_PRODUCTS_DIR; };
		AE05BC021B130CCF00CF40AE /* Info.plist */ = {isa = PBXFileReference; lastKnownFileType = text.plist.xml; path = Info.plist; sourceTree = "<group>"; };
		AE05BC031B130CCF00CF40AE /* main.m */ = {isa = PBXFileReference; lastKnownFileType = sourcecode.c.objc; path = main.m; sourceTree = "<group>"; };
		AE05BC051B130CCF00CF40AE /* AppDelegate.h */ = {isa = PBXFileReference; lastKnownFileType = sourcecode.c.h; path = AppDelegate.h; sourceTree = "<group>"; };
		AE05BC061B130CCF00CF40AE /* AppDelegate.m */ = {isa = PBXFileReference; lastKnownFileType = sourcecode.c.objc; path = AppDelegate.m; sourceTree = "<group>"; };
		AE05BC081B130CCF00CF40AE /* ViewController.h */ = {isa = PBXFileReference; lastKnownFileType = sourcecode.c.h; path = ViewController.h; sourceTree = "<group>"; };
		AE05BC091B130CCF00CF40AE /* ViewController.m */ = {isa = PBXFileReference; lastKnownFileType = sourcecode.c.objc; path = ViewController.m; sourceTree = "<group>"; };
		AE05BC0E1B130CCF00CF40AE /* Images.xcassets */ = {isa = PBXFileReference; lastKnownFileType = folder.assetcatalog; path = Images.xcassets; sourceTree = "<group>"; };
		AE05BC111B130CCF00CF40AE /* Base */ = {isa = PBXFileReference; lastKnownFileType = file.xib; name = Base; path = Base.lproj/LaunchScreen.xib; sourceTree = "<group>"; };
		AE05BC171B130CD000CF40AE /* TableViewLessonsTests.xctest */ = {isa = PBXFileReference; explicitFileType = wrapper.cfbundle; includeInIndex = 0; path = TableViewLessonsTests.xctest; sourceTree = BUILT_PRODUCTS_DIR; };
		AE05BC1C1B130CD000CF40AE /* Info.plist */ = {isa = PBXFileReference; lastKnownFileType = text.plist.xml; path = Info.plist; sourceTree = "<group>"; };
		AE05BC1D1B130CD000CF40AE /* TableViewLessonsTests.m */ = {isa = PBXFileReference; lastKnownFileType = sourcecode.c.objc; path = TableViewLessonsTests.m; sourceTree = "<group>"; };
		AE05BC271B13C6D000CF40AE /* TableView.storyboard */ = {isa = PBXFileReference; fileEncoding = 4; lastKnownFileType = file.storyboard; path = TableView.storyboard; sourceTree = "<group>"; };
/* End PBXFileReference section */

/* Begin PBXFrameworksBuildPhase section */
		AE05BBFB1B130CCF00CF40AE /* Frameworks */ = {
			isa = PBXFrameworksBuildPhase;
			buildActionMask = 2147483647;
			files = (
			);
			runOnlyForDeploymentPostprocessing = 0;
		};
		AE05BC141B130CD000CF40AE /* Frameworks */ = {
			isa = PBXFrameworksBuildPhase;
			buildActionMask = 2147483647;
			files = (
			);
			runOnlyForDeploymentPostprocessing = 0;
		};
/* End PBXFrameworksBuildPhase section */

/* Begin PBXGroup section */
		AE05BBF51B130CCF00CF40AE = {
			isa = PBXGroup;
			children = (
				AE05BC001B130CCF00CF40AE /* TableViewLessons */,
				AE05BC1A1B130CD000CF40AE /* TableViewLessonsTests */,
				AE05BBFF1B130CCF00CF40AE /* Products */,
			);
			sourceTree = "<group>";
		};
		AE05BBFF1B130CCF00CF40AE /* Products */ = {
			isa = PBXGroup;
			children = (
				AE05BBFE1B130CCF00CF40AE /* TableViewLessons.app */,
				AE05BC171B130CD000CF40AE /* TableViewLessonsTests.xctest */,
			);
			name = Products;
			sourceTree = "<group>";
		};
		AE05BC001B130CCF00CF40AE /* TableViewLessons */ = {
			isa = PBXGroup;
			children = (
				AE05BC051B130CCF00CF40AE /* AppDelegate.h */,
				AE05BC061B130CCF00CF40AE /* AppDelegate.m */,
				AE05BC081B130CCF00CF40AE /* ViewController.h */,
				AE05BC091B130CCF00CF40AE /* ViewController.m */,
				AE05BC0E1B130CCF00CF40AE /* Images.xcassets */,
				AE05BC101B130CCF00CF40AE /* LaunchScreen.xib */,
				AE05BC011B130CCF00CF40AE /* Supporting Files */,
				AE05BC271B13C6D000CF40AE /* TableView.storyboard */,
			);
			path = TableViewLessons;
			sourceTree = "<group>";
		};
		AE05BC011B130CCF00CF40AE /* Supporting Files */ = {
			isa = PBXGroup;
			children = (
				AE05BC021B130CCF00CF40AE /* Info.plist */,
				AE05BC031B130CCF00CF40AE /* main.m */,
			);
			name = "Supporting Files";
			sourceTree = "<group>";
		};
		AE05BC1A1B130CD000CF40AE /* TableViewLessonsTests */ = {
			isa = PBXGroup;
			children = (
				AE05BC1D1B130CD000CF40AE /* TableViewLessonsTests.m */,
				AE05BC1B1B130CD000CF40AE /* Supporting Files */,
			);
			path = TableViewLessonsTests;
			sourceTree = "<group>";
		};
		AE05BC1B1B130CD000CF40AE /* Supporting Files */ = {
			isa = PBXGroup;
			children = (
				AE05BC1C1B130CD000CF40AE /* Info.plist */,
			);
			name = "Supporting Files";
			sourceTree = "<group>";
		};
/* End PBXGroup section */

/* Begin PBXNativeTarget section */
		AE05BBFD1B130CCF00CF40AE /* TableViewLessons */ = {
			isa = PBXNativeTarget;
			buildConfigurationList = AE05BC211B130CD000CF40AE /* Build configuration list for PBXNativeTarget "TableViewLessons" */;
			buildPhases = (
				AE05BBFA1B130CCF00CF40AE /* Sources */,
				AE05BBFB1B130CCF00CF40AE /* Frameworks */,
				AE05BBFC1B130CCF00CF40AE /* Resources */,
			);
			buildRules = (
			);
			dependencies = (
			);
			name = TableViewLessons;
			productName = TableViewLessons;
			productReference = AE05BBFE1B130CCF00CF40AE /* TableViewLessons.app */;
			productType = "com.apple.product-type.application";
		};
		AE05BC161B130CD000CF40AE /* TableViewLessonsTests */ = {
			isa = PBXNativeTarget;
			buildConfigurationList = AE05BC241B130CD000CF40AE /* Build configuration list for PBXNativeTarget "TableViewLessonsTests" */;
			buildPhases = (
				AE05BC131B130CD000CF40AE /* Sources */,
				AE05BC141B130CD000CF40AE /* Frameworks */,
				AE05BC151B130CD000CF40AE /* Resources */,
			);
			buildRules = (
			);
			dependencies = (
				AE05BC191B130CD000CF40AE /* PBXTargetDependency */,
			);
			name = TableViewLessonsTests;
			productName = TableViewLessonsTests;
			productReference = AE05BC171B130CD000CF40AE /* TableViewLessonsTests.xctest */;
			productType = "com.apple.product-type.bundle.unit-test";
		};
/* End PBXNativeTarget section */

/* Begin PBXProject section */
		AE05BBF61B130CCF00CF40AE /* Project object */ = {
			isa = PBXProject;
			attributes = {
				LastUpgradeCheck = 0630;
				ORGANIZATIONNAME = "Sharad Sharma";
				TargetAttributes = {
					AE05BBFD1B130CCF00CF40AE = {
						CreatedOnToolsVersion = 6.3.2;
					};
					AE05BC161B130CD000CF40AE = {
						CreatedOnToolsVersion = 6.3.2;
						TestTargetID = AE05BBFD1B130CCF00CF40AE;
					};
				};
			};
			buildConfigurationList = AE05BBF91B130CCF00CF40AE /* Build configuration list for PBXProject "TableViewLessons" */;
			compatibilityVersion = "Xcode 3.2";
			developmentRegion = English;
			hasScannedForEncodings = 0;
			knownRegions = (
				en,
				Base,
			);
			mainGroup = AE05BBF51B130CCF00CF40AE;
			productRefGroup = AE05BBFF1B130CCF00CF40AE /* Products */;
			projectDirPath = "";
			projectRoot = "";
			targets = (
				AE05BBFD1B130CCF00CF40AE /* TableViewLessons */,
				AE05BC161B130CD000CF40AE /* TableViewLessonsTests */,
			);
		};
/* End PBXProject section */

/* Begin PBXResourcesBuildPhase section */
		AE05BBFC1B130CCF00CF40AE /* Resources */ = {
			isa = PBXResourcesBuildPhase;
			buildActionMask = 2147483647;
			files = (
				AE05BC121B130CCF00CF40AE /* LaunchScreen.xib in Resources */,
				AE05BC0F1B130CCF00CF40AE /* Images.xcassets in Resources */,
				AE05BC281B13C6D000CF40AE /* TableView.storyboard in Resources */,
			);
			runOnlyForDeploymentPostprocessing = 0;
		};
		AE05BC151B130CD000CF40AE /* Resources */ = {
			isa = PBXResourcesBuildPhase;
			buildActionMask = 2147483647;
			files = (
			);
			runOnlyForDeploymentPostprocessing = 0;
		};
/* End PBXResourcesBuildPhase section */

/* Begin PBXSourcesBuildPhase section */
		AE05BBFA1B130CCF00CF40AE /* Sources */ = {
			isa = PBXSourcesBuildPhase;
			buildActionMask = 2147483647;
			files = (
				AE05BC0A1B130CCF00CF40AE /* ViewController.m in Sources */,
				AE05BC071B130CCF00CF40AE /* AppDelegate.m in Sources */,
				AE05BC041B130CCF00CF40AE /* main.m in Sources */,
			);
			runOnlyForDeploymentPostprocessing = 0;
		};
		AE05BC131B130CD000CF40AE /* Sources */ = {
			isa = PBXSourcesBuildPhase;
			buildActionMask = 2147483647;
			files = (
				AE05BC1E1B130CD000CF40AE /* TableViewLessonsTests.m in Sources */,
			);
			runOnlyForDeploymentPostprocessing = 0;
		};
/* End PBXSourcesBuildPhase section */

/* Begin PBXTargetDependency section */
		AE05BC191B130CD000CF40AE /* PBXTargetDependency */ = {
			isa = PBXTargetDependency;
			target = AE05BBFD1B130CCF00CF40AE /* TableViewLessons */;
			targetProxy = AE05BC181B130CD000CF40AE /* PBXContainerItemProxy */;
		};
/* End PBXTargetDependency section */

/* Begin PBXVariantGroup section */
		AE05BC101B130CCF00CF40AE /* LaunchScreen.xib */ = {
			isa = PBXVariantGroup;
			children = (
				AE05BC111B130CCF00CF40AE /* Base */,
			);
			name = LaunchScreen.xib;
			sourceTree = "<group>";
		};
/* End PBXVariantGroup section */

/* Begin XCBuildConfiguration section */
		AE05BC1F1B130CD000CF40AE /* Debug */ = {
			isa = XCBuildConfiguration;
			buildSettings = {
				ALWAYS_SEARCH_USER_PATHS = NO;
				CLANG_CXX_LANGUAGE_STANDARD = "gnu++0x";
				CLANG_CXX_LIBRARY = "libc++";
				CLANG_ENABLE_MODULES = YES;
				CLANG_ENABLE_OBJC_ARC = YES;
				CLANG_WARN_BOOL_CONVERSION = YES;
				CLANG_WARN_CONSTANT_CONVERSION = YES;
				CLANG_WARN_DIRECT_OBJC_ISA_USAGE = YES_ERROR;
				CLANG_WARN_EMPTY_BODY = YES;
				CLANG_WARN_ENUM_CONVERSION = YES;
				CLANG_WARN_INT_CONVERSION = YES;
				CLANG_WARN_OBJC_ROOT_CLASS = YES_ERROR;
				CLANG_WARN_UNREACHABLE_CODE = YES;
				CLANG_WARN__DUPLICATE_METHOD_MATCH = YES;
				"CODE_SIGN_IDENTITY[sdk=iphoneos*]" = "iPhone Developer";
				COPY_PHASE_STRIP = NO;
				DEBUG_INFORMATION_FORMAT = "dwarf-with-dsym";
				ENABLE_STRICT_OBJC_MSGSEND = YES;
				GCC_C_LANGUAGE_STANDARD = gnu99;
				GCC_DYNAMIC_NO_PIC = NO;
				GCC_NO_COMMON_BLOCKS = YES;
				GCC_OPTIMIZATION_LEVEL = 0;
				GCC_PREPROCESSOR_DEFINITIONS = (
					"DEBUG=1",
					"$(inherited)",
				);
				GCC_SYMBOLS_PRIVATE_EXTERN = NO;
				GCC_WARN_64_TO_32_BIT_CONVERSION = YES;
				GCC_WARN_ABOUT_RETURN_TYPE = YES_ERROR;
				GCC_WARN_UNDECLARED_SELECTOR = YES;
				GCC_WARN_UNINITIALIZED_AUTOS = YES_AGGRESSIVE;
				GCC_WARN_UNUSED_FUNCTION = YES;
				GCC_WARN_UNUSED_VARIABLE = YES;
				IPHONEOS_DEPLOYMENT_TARGET = 8.3;
				MTL_ENABLE_DEBUG_INFO = YES;
				ONLY_ACTIVE_ARCH = YES;
				SDKROOT = iphoneos;
			};
			name = Debug;
		};
		AE05BC201B130CD000CF40AE /* Release */ = {
			isa = XCBuildConfiguration;
			buildSettings = {
				ALWAYS_SEARCH_USER_PATHS = NO;
				CLANG_CXX_LANGUAGE_STANDARD = "gnu++0x";
				CLANG_CXX_LIBRARY = "libc++";
				CLANG_ENABLE_MODULES = YES;
				CLANG_ENABLE_OBJC_ARC = YES;
				CLANG_WARN_BOOL_CONVERSION = YES;
				CLANG_WARN_CONSTANT_CONVERSION = YES;
				CLANG_WARN_DIRECT_OBJC_ISA_USAGE = YES_ERROR;
				CLANG_WARN_EMPTY_BODY = YES;
				CLANG_WARN_ENUM_CONVERSION = YES;
				CLANG_WARN_INT_CONVERSION = YES;
				CLANG_WARN_OBJC_ROOT_CLASS = YES_ERROR;
				CLANG_WARN_UNREACHABLE_CODE = YES;
				CLANG_WARN__DUPLICATE_METHOD_MATCH = YES;
				"CODE_SIGN_IDENTITY[sdk=iphoneos*]" = "iPhone Developer";
				COPY_PHASE_STRIP = NO;
				DEBUG_INFORMATION_FORMAT = "dwarf-with-dsym";
				ENABLE_NS_ASSERTIONS = NO;
				ENABLE_STRICT_OBJC_MSGSEND = YES;
				GCC_C_LANGUAGE_STANDARD = gnu99;
				GCC_NO_COMMON_BLOCKS = YES;
				GCC_WARN_64_TO_32_BIT_CONVERSION = YES;
				GCC_WARN_ABOUT_RETURN_TYPE = YES_ERROR;
				GCC_WARN_UNDECLARED_SELECTOR = YES;
				GCC_WARN_UNINITIALIZED_AUTOS = YES_AGGRESSIVE;
				GCC_WARN_UNUSED_FUNCTION = YES;
				GCC_WARN_UNUSED_VARIABLE = YES;
				IPHONEOS_DEPLOYMENT_TARGET = 8.3;
				MTL_ENABLE_DEBUG_INFO = NO;
				SDKROOT = iphoneos;
				VALIDATE_PRODUCT = YES;
			};
			name = Release;
		};
		AE05BC221B130CD000CF40AE /* Debug */ = {
			isa = XCBuildConfiguration;
			buildSettings = {
				ASSETCATALOG_COMPILER_APPICON_NAME = AppIcon;
				INFOPLIST_FILE = TableViewLessons/Info.plist;
				LD_RUNPATH_SEARCH_PATHS = "$(inherited) @executable_path/Frameworks";
				PRODUCT_NAME = "$(TARGET_NAME)";
			};
			name = Debug;
		};
		AE05BC231B130CD000CF40AE /* Release */ = {
			isa = XCBuildConfiguration;
			buildSettings = {
				ASSETCATALOG_COMPILER_APPICON_NAME = AppIcon;
				INFOPLIST_FILE = TableViewLessons/Info.plist;
				LD_RUNPATH_SEARCH_PATHS = "$(inherited) @executable_path/Frameworks";
				PRODUCT_NAME = "$(TARGET_NAME)";
			};
			name = Release;
		};
		AE05BC251B130CD000CF40AE /* Debug */ = {
			isa = XCBuildConfiguration;
			buildSettings = {
				BUNDLE_LOADER = "$(TEST_HOST)";
				FRAMEWORK_SEARCH_PATHS = (
					"$(SDKROOT)/Developer/Library/Frameworks",
					"$(inherited)",
				);
				GCC_PREPROCESSOR_DEFINITIONS = (
					"DEBUG=1",
					"$(inherited)",
				);
				INFOPLIST_FILE = TableViewLessonsTests/Info.plist;
				LD_RUNPATH_SEARCH_PATHS = "$(inherited) @executable_path/Frameworks @loader_path/Frameworks";
				PRODUCT_NAME = "$(TARGET_NAME)";
				TEST_HOST = "$(BUILT_PRODUCTS_DIR)/TableViewLessons.app/TableViewLessons";
			};
			name = Debug;
		};
		AE05BC261B130CD000CF40AE /* Release */ = {
			isa = XCBuildConfiguration;
			buildSettings = {
				BUNDLE_LOADER = "$(TEST_HOST)";
				FRAMEWORK_SEARCH_PATHS = (
					"$(SDKROOT)/Developer/Library/Frameworks",
					"$(inherited)",
				);
				INFOPLIST_FILE = TableViewLessonsTests/Info.plist;
				LD_RUNPATH_SEARCH_PATHS = "$(inherited) @executable_path/Frameworks @loader_path/Frameworks";
				PRODUCT_NAME = "$(TARGET_NAME)";
				TEST_HOST = "$(BUILT_PRODUCTS_DIR)/TableViewLessons.app/TableViewLessons";
			};
			name = Release;
		};
/* End XCBuildConfiguration section */

/* Begin XCConfigurationList section */
		AE05BBF91B130CCF00CF40AE /* Build configuration list for PBXProject "TableViewLessons" */ = {
			isa = XCConfigurationList;
			buildConfigurations = (
				AE05BC1F1B130CD000CF40AE /* Debug */,
				AE05BC201B130CD000CF40AE /* Release */,
			);
			defaultConfigurationIsVisible = 0;
			defaultConfigurationName = Release;
		};
		AE05BC211B130CD000CF40AE /* Build configuration list for PBXNativeTarget "TableViewLessons" */ = {
			isa = XCConfigurationList;
			buildConfigurations = (
				AE05BC221B130CD000CF40AE /* Debug */,
				AE05BC231B130CD000CF40AE /* Release */,
			);
			defaultConfigurationIsVisible = 0;
		};
		AE05BC241B130CD000CF40AE /* Build configuration list for PBXNativeTarget "TableViewLessonsTests" */ = {
			isa = XCConfigurationList;
			buildConfigurations = (
				AE05BC251B130CD000CF40AE /* Debug */,
				AE05BC261B130CD000CF40AE /* Release */,
			);
			defaultConfigurationIsVisible = 0;
		};
/* End XCConfigurationList section */
	};
	rootObject = AE05BBF61B130CCF00CF40AE /* Project object */;
}
